PODS:
  - Alamofire (4.8.0)
  - DZNEmptyDataSet (1.8.1)
  - FMDB (2.7.5):
    - FMDB/standard (= 2.7.5)
  - FMDB/standard (2.7.5)
  - LKDBHelper (2.5.1):
    - LKDBHelper/standard (= 2.5.1)
  - LKDBHelper/standard (2.5.1):
    - FMDB
  - MBProgressHUD (0.9.2)
  - MJExtension (3.0.15.1)
  - MJRefresh (3.1.15.7)
  - mob_smssdk (3.2.3):
    - MOBFoundation
  - MOBFoundation (3.2.1)
  - MXParallaxHeader (0.6.1)
  - SGPagingView (1.5.6)
  - STPopup (1.8.3)
  - SwiftyFitsize (0.1.0)
  - YYCache (1.0.4)
  - YYImage (1.0.4):
    - YYImage/Core (= 1.0.4)
  - YYImage/Core (1.0.4)
  - YYWebImage (1.0.5):
    - YYCache
    - YYImage

DEPENDENCIES:
  - Alamofire
  - DZNEmptyDataSet
  - LKDBHelper
  - MBProgressHUD (~> 0.9.2)
  - MJExtension
  - MJRefresh
  - mob_smssdk
  - MXParallaxHeader
  - SGPagingView
  - STPopup
  - SwiftyFitsize
  - YYWebImage

SPEC REPOS:
  https://github.com/cocoapods/specs.git:
    - Alamofire
    - DZNEmptyDataSet
    - FMDB
    - LKDBHelper
    - MBProgressHUD
    - MJExtension
    - MJRefresh
    - mob_smssdk
    - MOBFoundation
    - MXParallaxHeader
    - SGPagingView
    - STPopup
    - SwiftyFitsize
    - YYCache
    - YYImage
    - YYWebImage

SPEC CHECKSUMS:
  Alamofire: 3ec537f71edc9804815215393ae2b1a8ea33a844
  DZNEmptyDataSet: 9525833b9e68ac21c30253e1d3d7076cc828eaa7
  FMDB: 2ce00b547f966261cd18927a3ddb07cb6f3db82a
  LKDBHelper: 9a276ba51f2e16263d46a9517e16cc9b03472664
  MBProgressHUD: 1569cf7ace17a8bac47aabfbb8580a49690386d1
  MJExtension: 19bc33ce2eee2d319760f5622562cf581a6ff756
  MJRefresh: 697f8ec75ebdbe9207767bb682cf0f51b0d8a41f
  mob_smssdk: cdb6a31d4fd4667ed928e2eca03f21ad89ebc05c
  MOBFoundation: ce2ba976fd435b0cb06897466b2746e639895b7d
  MXParallaxHeader: 858c403532ed933b381556a81ce333d7065ad182
  SGPagingView: 642091b0b1ea7d33d89301f6c4ad77f12793d311
  STPopup: da1167250a01584af7bcccb898653185f223ec46
  SwiftyFitsize: 4727ad16946f5bb73219dd5f6453a17d85c530f0
  YYCache: 8105b6638f5e849296c71f331ff83891a4942952
  YYImage: 1e1b62a9997399593e4b9c4ecfbbabbf1d3f3b54
  YYWebImage: 5f7f36aee2ae293f016d418c7d6ba05c4863e928

PODFILE CHECKSUM: a354bb1d1619664dc5270634ee222a286f322276

COCOAPODS: 1.6.0.beta.2
